
Microsoft Visual Studio Solution File, Format Version 12.00
# Visual Studio 15
Project("{FAE04EC0-301F-11D3-BF4B-00C04F79EFBC}") = "Assembly-CSharp", "Assembly-CSharp.csproj", "{7C58CDF7-B7FD-020D-83DF-3CA43A7582A4}"
EndProject
Project("{FAE04EC0-301F-11D3-BF4B-00C04F79EFBC}") = "Assembly-CSharp-firstpass", "Assembly-CSharp-firstpass.csproj", "{98CF19E0-F656-D2B7-5524-986513556324}"
EndProject
Global
	GlobalSection(SolutionConfigurationPlatforms) = preSolution
		Debug|Any CPU = Debug|Any CPU
		Release|Any CPU = Release|Any CPU
	EndGlobalSection
	GlobalSection(ProjectConfigurationPlatforms) = postSolution
		{7C58CDF7-B7FD-020D-83DF-3CA43A7582A4}.Debug|Any CPU.ActiveCfg = Debug|Any CPU
		{7C58CDF7-B7FD-020D-83DF-3CA43A7582A4}.Debug|Any CPU.Build.0 = Debug|Any CPU
		{7C58CDF7-B7FD-020D-83DF-3CA43A7582A4}.Release|Any CPU.ActiveCfg = Release|Any CPU
		{7C58CDF7-B7FD-020D-83DF-3CA43A7582A4}.Release|Any CPU.Build.0 = Release|Any CPU
		{98CF19E0-F656-D2B7-5524-986513556324}.Debug|Any CPU.ActiveCfg = Debug|Any CPU
		{98CF19E0-F656-D2B7-5524-986513556324}.Debug|Any CPU.Build.0 = Debug|Any CPU
		{98CF19E0-F656-D2B7-5524-986513556324}.Release|Any CPU.ActiveCfg = Release|Any CPU
		{98CF19E0-F656-D2B7-5524-986513556324}.Release|Any CPU.Build.0 = Release|Any CPU
	EndGlobalSection
	GlobalSection(SolutionProperties) = preSolution
		HideSolutionNode = FALSE
	EndGlobalSection
	GlobalSection(MonoDevelopProperties) = preSolution
		StartupItem = Assembly-CSharp.csproj
	EndGlobalSection
EndGlobal
